
Microsoft Visual Studio Solution File, Format Version 12.00
# Visual Studio Version 16
VisualStudioVersion = 16.0.29613.14
MinimumVisualStudioVersion = 10.0.40219.1
Project("{9A19103F-16F7-4668-BE54-9A1E7A4F7556}") = "ApiDocument", "ApiDocument\ApiDocument.csproj", "{89811F86-0B4C-4B6E-8E60-8A61CDAFE5D4}"
EndProject
Project("{9A19103F-16F7-4668-BE54-9A1E7A4F7556}") = "AspNetCoreDocument", "AspNetCoreDocument\AspNetCoreDocument.csproj", "{6CAFCD2A-6CE1-4E7D-9BAC-919AE7F4A54B}"
EndProject
Project("{9A19103F-16F7-4668-BE54-9A1E7A4F7556}") = "ConsulDocument", "ConsulDocument\ConsulDocument.csproj", "{DCBBFA9F-5D4F-49E5-B230-EB6B6263BE2E}"
EndProject
Project("{9A19103F-16F7-4668-BE54-9A1E7A4F7556}") = "BT.Manage.Document.NetCore", "BT.Manage.Document.NetCore\BT.Manage.Document.NetCore.csproj", "{EB862FE1-8268-4D7C-BBA2-F8DC5E40308B}"
EndProject
Project("{9A19103F-16F7-4668-BE54-9A1E7A4F7556}") = "BT.Manage.Attribute.NetCore", "BT.Manage.Attribute.NetCore\BT.Manage.Attribute.NetCore.csproj", "{02347454-D266-48D5-936D-02D99DD8282E}"
EndProject
Project("{9A19103F-16F7-4668-BE54-9A1E7A4F7556}") = "BT.Manage.Core.NetCore", "BT.Manage.Core.NetCore\BT.Manage.Core.NetCore.csproj", "{A8CF5946-C2B7-40BC-B3D9-0DB67C2E0A82}"
EndProject
Project("{9A19103F-16F7-4668-BE54-9A1E7A4F7556}") = "BT.Manage.Frame.Base.NetCore", "BT.Manage.Frame.Base.NetCore\BT.Manage.Frame.Base.NetCore.csproj", "{C49F9315-00B6-4CBF-AE4E-B8EC188769F5}"
EndProject
Project("{9A19103F-16F7-4668-BE54-9A1E7A4F7556}") = "BT.Manage.Tools.NetCore", "BT.Manage.Tools.NetCore\BT.Manage.Tools.NetCore.csproj", "{3F378DAA-21FB-48BC-9799-D5D2CCD80132}"
EndProject
Project("{2150E333-8FDC-42A3-9474-1A3956D46DE8}") = "ApiDocment", "ApiDocment", "{9EC39E7D-561A-4983-954F-1711936A5766}"
EndProject
Project("{2150E333-8FDC-42A3-9474-1A3956D46DE8}") = "TypeDLL", "TypeDLL", "{96F1B21B-3630-471A-9C15-D286EC853FBE}"
EndProject
Project("{9A19103F-16F7-4668-BE54-9A1E7A4F7556}") = "AspNetCore.DllReflection", "AspNetCore.DllReflection\AspNetCore.DllReflection.csproj", "{9F790924-F4BC-4900-B2DE-91A84142BE21}"
EndProject
Project("{9A19103F-16F7-4668-BE54-9A1E7A4F7556}") = "Consolo.Reflection", "Consolo.Reflection\Consolo.Reflection.csproj", "{97A55CAF-B649-4AF0-9342-45920205403A}"
EndProject
Project("{FAE04EC0-301F-11D3-BF4B-00C04F79EFBC}") = "AspNetFrameWork.WebApi", "AspNetFrameWork.WebApi\AspNetFrameWork.WebApi.csproj", "{374915A8-17E5-475D-88ED-FB86C3DC6F3F}"
EndProject
Project("{9A19103F-16F7-4668-BE54-9A1E7A4F7556}") = "ZJPayMentAspNerCore", "ZJPayMentAspNerCore\ZJPayMentAspNerCore.csproj", "{6E0FADFC-36BF-4748-8730-04640486E323}"
EndProject
Project("{FAE04EC0-301F-11D3-BF4B-00C04F79EFBC}") = "ZJPayMentAspNetWebFrom", "ZJPayMentAspNetWebFrom\ZJPayMentAspNetWebFrom.csproj", "{3B0B9187-0817-470A-B365-4BB39492AD4E}"
EndProject
Project("{9A19103F-16F7-4668-BE54-9A1E7A4F7556}") = "ZJPayMent.DAL", "ZJPayMent.DAL\ZJPayMent.DAL.csproj", "{34767C41-4ED9-453B-B42E-19469B8C9D84}"
EndProject
Project("{2150E333-8FDC-42A3-9474-1A3956D46DE8}") = "ZJPayMent", "ZJPayMent", "{4D23891D-311B-4908-8E44-C44032337F69}"
EndProject
Project("{9A19103F-16F7-4668-BE54-9A1E7A4F7556}") = "ZJ_Interface", "ZJ_Interface\ZJ_Interface.csproj", "{19C7F911-602C-4388-BCBD-A0605D1DE795}"
EndProject
Project("{9A19103F-16F7-4668-BE54-9A1E7A4F7556}") = "ZJPayMent.Tool", "ZJPayMent.Tool\ZJPayMent.Tool.csproj", "{FB34C7DC-918C-446F-9BC9-2956BF6C2452}"
EndProject
Project("{2150E333-8FDC-42A3-9474-1A3956D46DE8}") = "WX", "WX", "{AC160644-70EB-47C2-8E04-454D780D8D57}"
EndProject
Project("{FAE04EC0-301F-11D3-BF4B-00C04F79EFBC}") = "WX.WebApi", "WX.WebApi\WX.WebApi.csproj", "{A7EFD99E-2C3B-42F0-A31C-0BEE6025A3D6}"
EndProject
Global
	GlobalSection(SolutionConfigurationPlatforms) = preSolution
		Debug|Any CPU = Debug|Any CPU
		Release|Any CPU = Release|Any CPU
	EndGlobalSection
	GlobalSection(ProjectConfigurationPlatforms) = postSolution
		{89811F86-0B4C-4B6E-8E60-8A61CDAFE5D4}.Debug|Any CPU.ActiveCfg = Debug|Any CPU
		{89811F86-0B4C-4B6E-8E60-8A61CDAFE5D4}.Debug|Any CPU.Build.0 = Debug|Any CPU
		{89811F86-0B4C-4B6E-8E60-8A61CDAFE5D4}.Release|Any CPU.ActiveCfg = Release|Any CPU
		{89811F86-0B4C-4B6E-8E60-8A61CDAFE5D4}.Release|Any CPU.Build.0 = Release|Any CPU
		{6CAFCD2A-6CE1-4E7D-9BAC-919AE7F4A54B}.Debug|Any CPU.ActiveCfg = Debug|Any CPU
		{6CAFCD2A-6CE1-4E7D-9BAC-919AE7F4A54B}.Debug|Any CPU.Build.0 = Debug|Any CPU
		{6CAFCD2A-6CE1-4E7D-9BAC-919AE7F4A54B}.Release|Any CPU.ActiveCfg = Release|Any CPU
		{6CAFCD2A-6CE1-4E7D-9BAC-919AE7F4A54B}.Release|Any CPU.Build.0 = Release|Any CPU
		{DCBBFA9F-5D4F-49E5-B230-EB6B6263BE2E}.Debug|Any CPU.ActiveCfg = Debug|Any CPU
		{DCBBFA9F-5D4F-49E5-B230-EB6B6263BE2E}.Debug|Any CPU.Build.0 = Debug|Any CPU
		{DCBBFA9F-5D4F-49E5-B230-EB6B6263BE2E}.Release|Any CPU.ActiveCfg = Release|Any CPU
		{DCBBFA9F-5D4F-49E5-B230-EB6B6263BE2E}.Release|Any CPU.Build.0 = Release|Any CPU
		{EB862FE1-8268-4D7C-BBA2-F8DC5E40308B}.Debug|Any CPU.ActiveCfg = Debug|Any CPU
		{EB862FE1-8268-4D7C-BBA2-F8DC5E40308B}.Debug|Any CPU.Build.0 = Debug|Any CPU
		{EB862FE1-8268-4D7C-BBA2-F8DC5E40308B}.Release|Any CPU.ActiveCfg = Release|Any CPU
		{EB862FE1-8268-4D7C-BBA2-F8DC5E40308B}.Release|Any CPU.Build.0 = Release|Any CPU
		{02347454-D266-48D5-936D-02D99DD8282E}.Debug|Any CPU.ActiveCfg = Debug|Any CPU
		{02347454-D266-48D5-936D-02D99DD8282E}.Debug|Any CPU.Build.0 = Debug|Any CPU
		{02347454-D266-48D5-936D-02D99DD8282E}.Release|Any CPU.ActiveCfg = Release|Any CPU
		{02347454-D266-48D5-936D-02D99DD8282E}.Release|Any CPU.Build.0 = Release|Any CPU
		{A8CF5946-C2B7-40BC-B3D9-0DB67C2E0A82}.Debug|Any CPU.ActiveCfg = Debug|Any CPU
		{A8CF5946-C2B7-40BC-B3D9-0DB67C2E0A82}.Debug|Any CPU.Build.0 = Debug|Any CPU
		{A8CF5946-C2B7-40BC-B3D9-0DB67C2E0A82}.Release|Any CPU.ActiveCfg = Release|Any CPU
		{A8CF5946-C2B7-40BC-B3D9-0DB67C2E0A82}.Release|Any CPU.Build.0 = Release|Any CPU
		{C49F9315-00B6-4CBF-AE4E-B8EC188769F5}.Debug|Any CPU.ActiveCfg = Debug|Any CPU
		{C49F9315-00B6-4CBF-AE4E-B8EC188769F5}.Debug|Any CPU.Build.0 = Debug|Any CPU
		{C49F9315-00B6-4CBF-AE4E-B8EC188769F5}.Release|Any CPU.ActiveCfg = Release|Any CPU
		{C49F9315-00B6-4CBF-AE4E-B8EC188769F5}.Release|Any CPU.Build.0 = Release|Any CPU
		{3F378DAA-21FB-48BC-9799-D5D2CCD80132}.Debug|Any CPU.ActiveCfg = Debug|Any CPU
		{3F378DAA-21FB-48BC-9799-D5D2CCD80132}.Debug|Any CPU.Build.0 = Debug|Any CPU
		{3F378DAA-21FB-48BC-9799-D5D2CCD80132}.Release|Any CPU.ActiveCfg = Release|Any CPU
		{3F378DAA-21FB-48BC-9799-D5D2CCD80132}.Release|Any CPU.Build.0 = Release|Any CPU
		{9F790924-F4BC-4900-B2DE-91A84142BE21}.Debug|Any CPU.ActiveCfg = Debug|Any CPU
		{9F790924-F4BC-4900-B2DE-91A84142BE21}.Debug|Any CPU.Build.0 = Debug|Any CPU
		{9F790924-F4BC-4900-B2DE-91A84142BE21}.Release|Any CPU.ActiveCfg = Release|Any CPU
		{9F790924-F4BC-4900-B2DE-91A84142BE21}.Release|Any CPU.Build.0 = Release|Any CPU
		{97A55CAF-B649-4AF0-9342-45920205403A}.Debug|Any CPU.ActiveCfg = Debug|Any CPU
		{97A55CAF-B649-4AF0-9342-45920205403A}.Debug|Any CPU.Build.0 = Debug|Any CPU
		{97A55CAF-B649-4AF0-9342-45920205403A}.Release|Any CPU.ActiveCfg = Release|Any CPU
		{97A55CAF-B649-4AF0-9342-45920205403A}.Release|Any CPU.Build.0 = Release|Any CPU
		{374915A8-17E5-475D-88ED-FB86C3DC6F3F}.Debug|Any CPU.ActiveCfg = Debug|Any CPU
		{374915A8-17E5-475D-88ED-FB86C3DC6F3F}.Debug|Any CPU.Build.0 = Debug|Any CPU
		{374915A8-17E5-475D-88ED-FB86C3DC6F3F}.Release|Any CPU.ActiveCfg = Release|Any CPU
		{374915A8-17E5-475D-88ED-FB86C3DC6F3F}.Release|Any CPU.Build.0 = Release|Any CPU
		{6E0FADFC-36BF-4748-8730-04640486E323}.Debug|Any CPU.ActiveCfg = Debug|Any CPU
		{6E0FADFC-36BF-4748-8730-04640486E323}.Debug|Any CPU.Build.0 = Debug|Any CPU
		{6E0FADFC-36BF-4748-8730-04640486E323}.Release|Any CPU.ActiveCfg = Release|Any CPU
		{6E0FADFC-36BF-4748-8730-04640486E323}.Release|Any CPU.Build.0 = Release|Any CPU
		{3B0B9187-0817-470A-B365-4BB39492AD4E}.Debug|Any CPU.ActiveCfg = Debug|Any CPU
		{3B0B9187-0817-470A-B365-4BB39492AD4E}.Debug|Any CPU.Build.0 = Debug|Any CPU
		{3B0B9187-0817-470A-B365-4BB39492AD4E}.Release|Any CPU.ActiveCfg = Release|Any CPU
		{3B0B9187-0817-470A-B365-4BB39492AD4E}.Release|Any CPU.Build.0 = Release|Any CPU
		{34767C41-4ED9-453B-B42E-19469B8C9D84}.Debug|Any CPU.ActiveCfg = Debug|Any CPU
		{34767C41-4ED9-453B-B42E-19469B8C9D84}.Debug|Any CPU.Build.0 = Debug|Any CPU
		{34767C41-4ED9-453B-B42E-19469B8C9D84}.Release|Any CPU.ActiveCfg = Release|Any CPU
		{34767C41-4ED9-453B-B42E-19469B8C9D84}.Release|Any CPU.Build.0 = Release|Any CPU
		{19C7F911-602C-4388-BCBD-A0605D1DE795}.Debug|Any CPU.ActiveCfg = Debug|Any CPU
		{19C7F911-602C-4388-BCBD-A0605D1DE795}.Debug|Any CPU.Build.0 = Debug|Any CPU
		{19C7F911-602C-4388-BCBD-A0605D1DE795}.Release|Any CPU.ActiveCfg = Release|Any CPU
		{19C7F911-602C-4388-BCBD-A0605D1DE795}.Release|Any CPU.Build.0 = Release|Any CPU
		{FB34C7DC-918C-446F-9BC9-2956BF6C2452}.Debug|Any CPU.ActiveCfg = Debug|Any CPU
		{FB34C7DC-918C-446F-9BC9-2956BF6C2452}.Debug|Any CPU.Build.0 = Debug|Any CPU
		{FB34C7DC-918C-446F-9BC9-2956BF6C2452}.Release|Any CPU.ActiveCfg = Release|Any CPU
		{FB34C7DC-918C-446F-9BC9-2956BF6C2452}.Release|Any CPU.Build.0 = Release|Any CPU
		{A7EFD99E-2C3B-42F0-A31C-0BEE6025A3D6}.Debug|Any CPU.ActiveCfg = Debug|Any CPU
		{A7EFD99E-2C3B-42F0-A31C-0BEE6025A3D6}.Debug|Any CPU.Build.0 = Debug|Any CPU
		{A7EFD99E-2C3B-42F0-A31C-0BEE6025A3D6}.Release|Any CPU.ActiveCfg = Release|Any CPU
		{A7EFD99E-2C3B-42F0-A31C-0BEE6025A3D6}.Release|Any CPU.Build.0 = Release|Any CPU
	EndGlobalSection
	GlobalSection(SolutionProperties) = preSolution
		HideSolutionNode = FALSE
	EndGlobalSection
	GlobalSection(NestedProjects) = preSolution
		{89811F86-0B4C-4B6E-8E60-8A61CDAFE5D4} = {9EC39E7D-561A-4983-954F-1711936A5766}
		{6CAFCD2A-6CE1-4E7D-9BAC-919AE7F4A54B} = {9EC39E7D-561A-4983-954F-1711936A5766}
		{DCBBFA9F-5D4F-49E5-B230-EB6B6263BE2E} = {9EC39E7D-561A-4983-954F-1711936A5766}
		{EB862FE1-8268-4D7C-BBA2-F8DC5E40308B} = {9EC39E7D-561A-4983-954F-1711936A5766}
		{02347454-D266-48D5-936D-02D99DD8282E} = {9EC39E7D-561A-4983-954F-1711936A5766}
		{A8CF5946-C2B7-40BC-B3D9-0DB67C2E0A82} = {9EC39E7D-561A-4983-954F-1711936A5766}
		{C49F9315-00B6-4CBF-AE4E-B8EC188769F5} = {9EC39E7D-561A-4983-954F-1711936A5766}
		{3F378DAA-21FB-48BC-9799-D5D2CCD80132} = {9EC39E7D-561A-4983-954F-1711936A5766}
		{9F790924-F4BC-4900-B2DE-91A84142BE21} = {96F1B21B-3630-471A-9C15-D286EC853FBE}
		{97A55CAF-B649-4AF0-9342-45920205403A} = {96F1B21B-3630-471A-9C15-D286EC853FBE}
		{374915A8-17E5-475D-88ED-FB86C3DC6F3F} = {96F1B21B-3630-471A-9C15-D286EC853FBE}
		{6E0FADFC-36BF-4748-8730-04640486E323} = {4D23891D-311B-4908-8E44-C44032337F69}
		{3B0B9187-0817-470A-B365-4BB39492AD4E} = {96F1B21B-3630-471A-9C15-D286EC853FBE}
		{34767C41-4ED9-453B-B42E-19469B8C9D84} = {4D23891D-311B-4908-8E44-C44032337F69}
		{19C7F911-602C-4388-BCBD-A0605D1DE795} = {4D23891D-311B-4908-8E44-C44032337F69}
		{FB34C7DC-918C-446F-9BC9-2956BF6C2452} = {4D23891D-311B-4908-8E44-C44032337F69}
		{A7EFD99E-2C3B-42F0-A31C-0BEE6025A3D6} = {AC160644-70EB-47C2-8E04-454D780D8D57}
	EndGlobalSection
	GlobalSection(ExtensibilityGlobals) = postSolution
		SolutionGuid = {5773A580-F1BD-414E-9A92-A8F4CF244674}
	EndGlobalSection
EndGlobal
